{
  "name": "github-web-ide",
  "version": "2.0.9",
  "lockfileVersion": 2,
  "requires": true,
  "packages": {
    "": {
      "name": "github-web-ide",
      "version": "2.0.9",
      "dependencies": {
        "@primer/css": "^19.5.0"
      }
    },
    "node_modules/@primer/css": {
      "version": "19.5.0",
      "resolved": "https://registry.npmjs.org/@primer/css/-/css-19.5.0.tgz",
      "integrity": "sha512-PolLas/vj24/UZrE+FcTXnaZIDHgNJ32JoK0DbWNQW0R3T2T9O51nt01KYvcBsLRWYlCawBoQin3xR39jJvuVg==",
      "dependencies": {
        "@primer/primitives": "7.5.0"
      },
      "engines": {
        "node": "^12.20.0 || ^14.13.1 || >=16.0.0"
      }
    },
    "node_modules/@primer/primitives": {
      "version": "7.5.0",
      "resolved": "https://registry.npmjs.org/@primer/primitives/-/primitives-7.5.0.tgz",
      "integrity": "sha512-DNAGOxFvelUz2THCZNo1EuSRbtujhY7NR02WjQvSGlbBihMeMJ5yrUYgeQyo/OGrg+HlzbwLW56OLy9PN+iqXA=="
    }
  },
  "dependencies": {
    "@primer/css": {
      "version": "19.5.0",
      "resolved": "https://registry.npmjs.org/@primer/css/-/css-19.5.0.tgz",
      "integrity": "sha512-PolLas/vj24/UZrE+FcTXnaZIDHgNJ32JoK0DbWNQW0R3T2T9O51nt01KYvcBsLRWYlCawBoQin3xR39jJvuVg==",
      "requires": {
        "@primer/primitives": "7.5.0"
      }
    },
    "@primer/primitives": {
      "version": "7.5.0",
      "resolved": "https://registry.npmjs.org/@primer/primitives/-/primitives-7.5.0.tgz",
      "integrity": "sha512-DNAGOxFvelUz2THCZNo1EuSRbtujhY7NR02WjQvSGlbBihMeMJ5yrUYgeQyo/OGrg+HlzbwLW56OLy9PN+iqXA=="
    }
  }
}
